
Microsoft Visual Studio Solution File, Format Version 12.00
# Visual Studio Version 17
VisualStudioVersion = 17.5.33530.505
MinimumVisualStudioVersion = 10.0.40219.1
Project("{FAE04EC0-301F-11D3-BF4B-00C04F79EFBC}") = "ConcurrencyInCSharpCookbook", "ConcurrencyInCSharpCookbook/ConcurrencyInCSharpCookbook.csproj", "{8680F654-7015-4350-9A9F-967A5BE1960A}"
EndProject
Global
	GlobalSection(SolutionConfigurationPlatforms) = preSolution
		Debug|Any CPU = Debug|Any CPU
		Release|Any CPU = Release|Any CPU
	EndGlobalSection
	GlobalSection(ProjectConfigurationPlatforms) = postSolution
		{8680F654-7015-4350-9A9F-967A5BE1960A}.Debug|Any CPU.ActiveCfg = Debug|Any CPU
		{8680F654-7015-4350-9A9F-967A5BE1960A}.Debug|Any CPU.Build.0 = Debug|Any CPU
		{8680F654-7015-4350-9A9F-967A5BE1960A}.Release|Any CPU.ActiveCfg = Release|Any CPU
		{8680F654-7015-4350-9A9F-967A5BE1960A}.Release|Any CPU.Build.0 = Release|Any CPU
	EndGlobalSection
	GlobalSection(SolutionProperties) = preSolution
		HideSolutionNode = FALSE
	EndGlobalSection
	GlobalSection(ExtensibilityGlobals) = postSolution
		SolutionGuid = {BE2FFC99-9F06-41A2-B701-7ADD88526E3A}
	EndGlobalSection
EndGlobal
